<?xml version="1.0" encoding="utf-8"?>
<Project ToolsVersion="4.0" xmlns="http://schemas.microsoft.com/developer/msbuild/2003">
  <ItemGroup>
    <Filter Include="源文件">
      <UniqueIdentifier>{4FC737F1-C7A5-4376-A066-2A32D752A2FF}</UniqueIdentifier>
      <Extensions>cpp;c;cc;cxx;c++;cppm;ixx;def;odl;idl;hpj;bat;asm;asmx</Extensions>
    </Filter>
    <Filter Include="头文件">
      <UniqueIdentifier>{93995380-89BD-4b04-88EB-625FBE52EBFB}</UniqueIdentifier>
      <Extensions>h;hh;hpp;hxx;h++;hm;inl;inc;ipp;xsd</Extensions>
    </Filter>
    <Filter Include="资源文件">
      <UniqueIdentifier>{67DA6AB6-F800-4c08-8B7A-83BB121AAD01}</UniqueIdentifier>
      <Extensions>rc;ico;cur;bmp;dlg;rc2;rct;bin;rgs;gif;jpg;jpeg;jpe;resx;tiff;tif;png;wav;mfcribbon-ms</Extensions>
    </Filter>
    <Filter Include="dm">
      <UniqueIdentifier>{f0e68323-030c-40a6-915d-fc1f16f737b7}</UniqueIdentifier>
    </Filter>
    <Filter Include="WishScript">
      <UniqueIdentifier>{126b32f8-97b8-4320-bf4e-bcdeac02c4bc}</UniqueIdentifier>
    </Filter>
    <Filter Include="Boss">
      <UniqueIdentifier>{4d511d09-0f7a-4688-8bb0-3df3108751fb}</UniqueIdentifier>
    </Filter>
    <Filter Include="Shop">
      <UniqueIdentifier>{918d6fca-2d4a-40a8-b829-dd6e6a5c2d6d}</UniqueIdentifier>
    </Filter>
  </ItemGroup>
  <ItemGroup>
    <ClInclude Include="sxft-pro01.h">
      <Filter>头文件</Filter>
    </ClInclude>
    <ClInclude Include="framework.h">
      <Filter>dm</Filter>
    </ClInclude>
    <ClInclude Include="dm\obj.h">
      <Filter>dm</Filter>
    </ClInclude>
    <ClInclude Include="targetver.h">
      <Filter>dm</Filter>
    </ClInclude>
    <ClInclude Include="Resource.h">
      <Filter>头文件</Filter>
    </ClInclude>
    <ClInclude Include="WishScript.h">
      <Filter>WishScript</Filter>
    </ClInclude>
    <ClInclude Include="DuoLuoTe.h">
      <Filter>Boss</Filter>
    </ClInclude>
    <ClInclude Include="util.h">
      <Filter>头文件</Filter>
    </ClInclude>
    <ClInclude Include="ShopBuy.h">
      <Filter>Shop</Filter>
    </ClInclude>
  </ItemGroup>
  <ItemGroup>
    <ClCompile Include="sxft-pro01.cpp">
      <Filter>源文件</Filter>
    </ClCompile>
    <ClCompile Include="dm\obj.cpp">
      <Filter>dm</Filter>
    </ClCompile>
    <ClCompile Include="WishScript.cpp">
      <Filter>WishScript</Filter>
    </ClCompile>
    <ClCompile Include="DuoLuoTe.cpp">
      <Filter>Boss</Filter>
    </ClCompile>
    <ClCompile Include="util.cpp">
      <Filter>源文件</Filter>
    </ClCompile>
    <ClCompile Include="ShopBuy.cpp">
      <Filter>Shop</Filter>
    </ClCompile>
  </ItemGroup>
  <ItemGroup>
    <ResourceCompile Include="sxft-pro01.rc">
      <Filter>资源文件</Filter>
    </ResourceCompile>
  </ItemGroup>
</Project>